
Microsoft Visual Studio Solution File, Format Version 12.00
# Visual Studio Version 16
VisualStudioVersion = 16.0.31729.503
MinimumVisualStudioVersion = 10.0.40219.1
Project("{FAE04EC0-301F-11D3-BF4B-00C04F79EFBC}") = "PartsApi", "PartsApp\PartsApi.csproj", "{767F0652-C546-4F6F-876F-2075D4053D20}"
EndProject
Project("{FAE04EC0-301F-11D3-BF4B-00C04F79EFBC}") = "PartsDomain", "PartsDomain\PartsDomain.csproj", "{1C42FA26-1FB8-47CC-AFFC-0A604D0B4A6C}"
EndProject
Project("{FAE04EC0-301F-11D3-BF4B-00C04F79EFBC}") = "PartsRepository", "PartsRepository\PartsRepository.csproj", "{0D2EEDF4-6DB1-4A8A-A58D-FECAE43DA4F1}"
EndProject
Project("{FAE04EC0-301F-11D3-BF4B-00C04F79EFBC}") = "PartsApplication", "PartsApplication\PartsApplication.csproj", "{1CC3A17D-AEBF-4641-B52F-EBA5323D12E7}"
EndProject
Project("{FAE04EC0-301F-11D3-BF4B-00C04F79EFBC}") = "PartsDomainTest", "PartsDomainTest\PartsDomainTest.csproj", "{9757CD40-5566-4124-A52D-11157EC908CB}"
EndProject
Project("{2150E333-8FDC-42A3-9474-1A3956D46DE8}") = "Solution Items", "Solution Items", "{965CC4CC-DAC0-4A9C-8FFA-D640DD9A73D0}"
	ProjectSection(SolutionItems) = preProject
		.gitignore = .gitignore
	EndProjectSection
EndProject
Global
	GlobalSection(SolutionConfigurationPlatforms) = preSolution
		Debug|Any CPU = Debug|Any CPU
		Release|Any CPU = Release|Any CPU
	EndGlobalSection
	GlobalSection(ProjectConfigurationPlatforms) = postSolution
		{767F0652-C546-4F6F-876F-2075D4053D20}.Debug|Any CPU.ActiveCfg = Debug|Any CPU
		{767F0652-C546-4F6F-876F-2075D4053D20}.Debug|Any CPU.Build.0 = Debug|Any CPU
		{767F0652-C546-4F6F-876F-2075D4053D20}.Release|Any CPU.ActiveCfg = Release|Any CPU
		{767F0652-C546-4F6F-876F-2075D4053D20}.Release|Any CPU.Build.0 = Release|Any CPU
		{1C42FA26-1FB8-47CC-AFFC-0A604D0B4A6C}.Debug|Any CPU.ActiveCfg = Debug|Any CPU
		{1C42FA26-1FB8-47CC-AFFC-0A604D0B4A6C}.Debug|Any CPU.Build.0 = Debug|Any CPU
		{1C42FA26-1FB8-47CC-AFFC-0A604D0B4A6C}.Release|Any CPU.ActiveCfg = Release|Any CPU
		{1C42FA26-1FB8-47CC-AFFC-0A604D0B4A6C}.Release|Any CPU.Build.0 = Release|Any CPU
		{0D2EEDF4-6DB1-4A8A-A58D-FECAE43DA4F1}.Debug|Any CPU.ActiveCfg = Debug|Any CPU
		{0D2EEDF4-6DB1-4A8A-A58D-FECAE43DA4F1}.Debug|Any CPU.Build.0 = Debug|Any CPU
		{0D2EEDF4-6DB1-4A8A-A58D-FECAE43DA4F1}.Release|Any CPU.ActiveCfg = Release|Any CPU
		{0D2EEDF4-6DB1-4A8A-A58D-FECAE43DA4F1}.Release|Any CPU.Build.0 = Release|Any CPU
		{1CC3A17D-AEBF-4641-B52F-EBA5323D12E7}.Debug|Any CPU.ActiveCfg = Debug|Any CPU
		{1CC3A17D-AEBF-4641-B52F-EBA5323D12E7}.Debug|Any CPU.Build.0 = Debug|Any CPU
		{1CC3A17D-AEBF-4641-B52F-EBA5323D12E7}.Release|Any CPU.ActiveCfg = Release|Any CPU
		{1CC3A17D-AEBF-4641-B52F-EBA5323D12E7}.Release|Any CPU.Build.0 = Release|Any CPU
		{9757CD40-5566-4124-A52D-11157EC908CB}.Debug|Any CPU.ActiveCfg = Debug|Any CPU
		{9757CD40-5566-4124-A52D-11157EC908CB}.Debug|Any CPU.Build.0 = Debug|Any CPU
		{9757CD40-5566-4124-A52D-11157EC908CB}.Release|Any CPU.ActiveCfg = Release|Any CPU
		{9757CD40-5566-4124-A52D-11157EC908CB}.Release|Any CPU.Build.0 = Release|Any CPU
	EndGlobalSection
	GlobalSection(SolutionProperties) = preSolution
		HideSolutionNode = FALSE
	EndGlobalSection
	GlobalSection(ExtensibilityGlobals) = postSolution
		SolutionGuid = {137EF979-A952-43B6-91D9-C78F8378ABE6}
	EndGlobalSection
EndGlobal
